
Microsoft Visual Studio Solution File, Format Version 12.00
# Visual Studio Version 17
VisualStudioVersion = 17.6.33712.159
MinimumVisualStudioVersion = 10.0.40219.1
Project("{FAE04EC0-301F-11D3-BF4B-00C04F79EFBC}") = "Sudoku", "Sudoku\Sudoku.csproj", "{A7C6A139-7B6A-4459-88D8-3C7FC315A16F}"
EndProject
Global
	GlobalSection(SolutionConfigurationPlatforms) = preSolution
		Debug|Any CPU = Debug|Any CPU
		Release|Any CPU = Release|Any CPU
	EndGlobalSection
	GlobalSection(ProjectConfigurationPlatforms) = postSolution
		{A7C6A139-7B6A-4459-88D8-3C7FC315A16F}.Debug|Any CPU.ActiveCfg = Debug|Any CPU
		{A7C6A139-7B6A-4459-88D8-3C7FC315A16F}.Debug|Any CPU.Build.0 = Debug|Any CPU
		{A7C6A139-7B6A-4459-88D8-3C7FC315A16F}.Release|Any CPU.ActiveCfg = Release|Any CPU
		{A7C6A139-7B6A-4459-88D8-3C7FC315A16F}.Release|Any CPU.Build.0 = Release|Any CPU
	EndGlobalSection
	GlobalSection(SolutionProperties) = preSolution
		HideSolutionNode = FALSE
	EndGlobalSection
	GlobalSection(ExtensibilityGlobals) = postSolution
		SolutionGuid = {0092B8CE-6772-4C13-B1E4-7B868E8B8AB0}
	EndGlobalSection
EndGlobal
